// !$*UTF8*$!
{
	archiveVersion = 1;
	classes = {
	};
	objectVersion = 77;
	objects = {

/* Begin PBXContainerItemProxy section */
		90003EDE2E24FA7C00D59750 /* PBXContainerItemProxy */ = {
			isa = PBXContainerItemProxy;
			containerPortal = 90003EBF2E24FA7B00D59750 /* Project object */;
			proxyType = 1;
			remoteGlobalIDString = 90003EC62E24FA7B00D59750;
			remoteInfo = MVVMSampleApp;
		};
		90003EE82E24FA7C00D59750 /* PBXContainerItemProxy */ = {
			isa = PBXContainerItemProxy;
			containerPortal = 90003EBF2E24FA7B00D59750 /* Project object */;
			proxyType = 1;
			remoteGlobalIDString = 90003EC62E24FA7B00D59750;
			remoteInfo = MVVMSampleApp;
		};
/* End PBXContainerItemProxy section */

/* Begin PBXFileReference section */
		90003EC72E24FA7B00D59750 /* MVVMSampleApp.app */ = {isa = PBXFileReference; explicitFileType = wrapper.application; includeInIndex = 0; path = MVVMSampleApp.app; sourceTree = BUILT_PRODUCTS_DIR; };
		90003EDD2E24FA7C00D59750 /* MVVMSampleAppTests.xctest */ = {isa = PBXFileReference; explicitFileType = wrapper.cfbundle; includeInIndex = 0; path = MVVMSampleAppTests.xctest; sourceTree = BUILT_PRODUCTS_DIR; };
		90003EE72E24FA7C00D59750 /* MVVMSampleAppUITests.xctest */ = {isa = PBXFileReference; explicitFileType = wrapper.cfbundle; includeInIndex = 0; path = MVVMSampleAppUITests.xctest; sourceTree = BUILT_PRODUCTS_DIR; };
/* End PBXFileReference section */

/* Begin PBXFileSystemSynchronizedBuildFileExceptionSet section */
		90003EEF2E24FA7C00D59750 /* Exceptions for "MVVMSampleApp" folder in "MVVMSampleApp" target */ = {
			isa = PBXFileSystemSynchronizedBuildFileExceptionSet;
			membershipExceptions = (
				Info.plist,
			);
			target = 90003EC62E24FA7B00D59750 /* MVVMSampleApp */;
		};
/* End PBXFileSystemSynchronizedBuildFileExceptionSet section */

/* Begin PBXFileSystemSynchronizedRootGroup section */
		90003EC92E24FA7B00D59750 /* MVVMSampleApp */ = {
			isa = PBXFileSystemSynchronizedRootGroup;
			exceptions = (
				90003EEF2E24FA7C00D59750 /* Exceptions for "MVVMSampleApp" folder in "MVVMSampleApp" target */,
			);
			path = MVVMSampleApp;
			sourceTree = "<group>";
		};
		90003EE02E24FA7C00D59750 /* MVVMSampleAppTests */ = {
			isa = PBXFileSystemSynchronizedRootGroup;
			path = MVVMSampleAppTests;
			sourceTree = "<group>";
		};
		90003EEA2E24FA7C00D59750 /* MVVMSampleAppUITests */ = {
			isa = PBXFileSystemSynchronizedRootGroup;
			path = MVVMSampleAppUITests;
			sourceTree = "<group>";
		};
/* End PBXFileSystemSynchronizedRootGroup section */

/* Begin PBXFrameworksBuildPhase section */
		90003EC42E24FA7B00D59750 /* Frameworks */ = {
			isa = PBXFrameworksBuildPhase;
			buildActionMask = 2147483647;
			files = (
			);
			runOnlyForDeploymentPostprocessing = 0;
		};
		90003EDA2E24FA7C00D59750 /* Frameworks */ = {
			isa = PBXFrameworksBuildPhase;
			buildActionMask = 2147483647;
			files = (
			);
			runOnlyForDeploymentPostprocessing = 0;
		};
		90003EE42E24FA7C00D59750 /* Frameworks */ = {
			isa = PBXFrameworksBuildPhase;
			buildActionMask = 2147483647;
			files = (
			);
			runOnlyForDeploymentPostprocessing = 0;
		};
/* End PBXFrameworksBuildPhase section */

/* Begin PBXGroup section */
		90003EBE2E24FA7B00D59750 = {
			isa = PBXGroup;
			children = (
				90003EC92E24FA7B00D59750 /* MVVMSampleApp */,
				90003EE02E24FA7C00D59750 /* MVVMSampleAppTests */,
				90003EEA2E24FA7C00D59750 /* MVVMSampleAppUITests */,
				90003EC82E24FA7B00D59750 /* Products */,
			);
			sourceTree = "<group>";
		};
		90003EC82E24FA7B00D59750 /* Products */ = {
			isa = PBXGroup;
			children = (
				90003EC72E24FA7B00D59750 /* MVVMSampleApp.app */,
				90003EDD2E24FA7C00D59750 /* MVVMSampleAppTests.xctest */,
				90003EE72E24FA7C00D59750 /* MVVMSampleAppUITests.xctest */,
			);
			name = Products;
			sourceTree = "<group>";
		};
/* End PBXGroup section */

/* Begin PBXNativeTarget section */
		90003EC62E24FA7B00D59750 /* MVVMSampleApp */ = {
			isa = PBXNativeTarget;
			buildConfigurationList = 90003EF02E24FA7C00D59750 /* Build configuration list for PBXNativeTarget "MVVMSampleApp" */;
			buildPhases = (
				90003EC32E24FA7B00D59750 /* Sources */,
				90003EC42E24FA7B00D59750 /* Frameworks */,
				90003EC52E24FA7B00D59750 /* Resources */,
			);
			buildRules = (
			);
			dependencies = (
			);
			fileSystemSynchronizedGroups = (
				90003EC92E24FA7B00D59750 /* MVVMSampleApp */,
			);
			name = MVVMSampleApp;
			packageProductDependencies = (
			);
			productName = MVVMSampleApp;
			productReference = 90003EC72E24FA7B00D59750 /* MVVMSampleApp.app */;
			productType = "com.apple.product-type.application";
		};
		90003EDC2E24FA7C00D59750 /* MVVMSampleAppTests */ = {
			isa = PBXNativeTarget;
			buildConfigurationList = 90003EF52E24FA7C00D59750 /* Build configuration list for PBXNativeTarget "MVVMSampleAppTests" */;
			buildPhases = (
				90003ED92E24FA7C00D59750 /* Sources */,
				90003EDA2E24FA7C00D59750 /* Frameworks */,
				90003EDB2E24FA7C00D59750 /* Resources */,
			);
			buildRules = (
			);
			dependencies = (
				90003EDF2E24FA7C00D59750 /* PBXTargetDependency */,
			);
			fileSystemSynchronizedGroups = (
				90003EE02E24FA7C00D59750 /* MVVMSampleAppTests */,
			);
			name = MVVMSampleAppTests;
			packageProductDependencies = (
			);
			productName = MVVMSampleAppTests;
			productReference = 90003EDD2E24FA7C00D59750 /* MVVMSampleAppTests.xctest */;
			productType = "com.apple.product-type.bundle.unit-test";
		};
		90003EE62E24FA7C00D59750 /* MVVMSampleAppUITests */ = {
			isa = PBXNativeTarget;
			buildConfigurationList = 90003EF82E24FA7C00D59750 /* Build configuration list for PBXNativeTarget "MVVMSampleAppUITests" */;
			buildPhases = (
				90003EE32E24FA7C00D59750 /* Sources */,
				90003EE42E24FA7C00D59750 /* Frameworks */,
				90003EE52E24FA7C00D59750 /* Resources */,
			);
			buildRules = (
			);
			dependencies = (
				90003EE92E24FA7C00D59750 /* PBXTargetDependency */,
			);
			fileSystemSynchronizedGroups = (
				90003EEA2E24FA7C00D59750 /* MVVMSampleAppUITests */,
			);
			name = MVVMSampleAppUITests;
			packageProductDependencies = (
			);
			productName = MVVMSampleAppUITests;
			productReference = 90003EE72E24FA7C00D59750 /* MVVMSampleAppUITests.xctest */;
			productType = "com.apple.product-type.bundle.ui-testing";
		};
/* End PBXNativeTarget section */

/* Begin PBXProject section */
		90003EBF2E24FA7B00D59750 /* Project object */ = {
			isa = PBXProject;
			attributes = {
				BuildIndependentTargetsInParallel = 1;
				LastSwiftUpdateCheck = 1620;
				LastUpgradeCheck = 1620;
				TargetAttributes = {
					90003EC62E24FA7B00D59750 = {
						CreatedOnToolsVersion = 16.2;
					};
					90003EDC2E24FA7C00D59750 = {
						CreatedOnToolsVersion = 16.2;
						TestTargetID = 90003EC62E24FA7B00D59750;
					};
					90003EE62E24FA7C00D59750 = {
						CreatedOnToolsVersion = 16.2;
						TestTargetID = 90003EC62E24FA7B00D59750;
					};
				};
			};
			buildConfigurationList = 90003EC22E24FA7B00D59750 /* Build configuration list for PBXProject "MVVMSampleApp" */;
			developmentRegion = en;
			hasScannedForEncodings = 0;
			knownRegions = (
				en,
				Base,
			);
			mainGroup = 90003EBE2E24FA7B00D59750;
			minimizedProjectReferenceProxies = 1;
			preferredProjectObjectVersion = 77;
			productRefGroup = 90003EC82E24FA7B00D59750 /* Products */;
			projectDirPath = "";
			projectRoot = "";
			targets = (
				90003EC62E24FA7B00D59750 /* MVVMSampleApp */,
				90003EDC2E24FA7C00D59750 /* MVVMSampleAppTests */,
				90003EE62E24FA7C00D59750 /* MVVMSampleAppUITests */,
			);
		};
/* End PBXProject section */

/* Begin PBXResourcesBuildPhase section */
		90003EC52E24FA7B00D59750 /* Resources */ = {
			isa = PBXResourcesBuildPhase;
			buildActionMask = 2147483647;
			files = (
			);
			runOnlyForDeploymentPostprocessing = 0;
		};
		90003EDB2E24FA7C00D59750 /* Resources */ = {
			isa = PBXResourcesBuildPhase;
			buildActionMask = 2147483647;
			files = (
			);
			runOnlyForDeploymentPostprocessing = 0;
		};
		90003EE52E24FA7C00D59750 /* Resources */ = {
			isa = PBXResourcesBuildPhase;
			buildActionMask = 2147483647;
			files = (
			);
			runOnlyForDeploymentPostprocessing = 0;
		};
/* End PBXResourcesBuildPhase section */

/* Begin PBXSourcesBuildPhase section */
		90003EC32E24FA7B00D59750 /* Sources */ = {
			isa = PBXSourcesBuildPhase;
			buildActionMask = 2147483647;
			files = (
			);
			runOnlyForDeploymentPostprocessing = 0;
		};
		90003ED92E24FA7C00D59750 /* Sources */ = {
			isa = PBXSourcesBuildPhase;
			buildActionMask = 2147483647;
			files = (
			);
			runOnlyForDeploymentPostprocessing = 0;
		};
		90003EE32E24FA7C00D59750 /* Sources */ = {
			isa = PBXSourcesBuildPhase;
			buildActionMask = 2147483647;
			files = (
			);
			runOnlyForDeploymentPostprocessing = 0;
		};
/* End PBXSourcesBuildPhase section */

/* Begin PBXTargetDependency section */
		90003EDF2E24FA7C00D59750 /* PBXTargetDependency */ = {
			isa = PBXTargetDependency;
			target = 90003EC62E24FA7B00D59750 /* MVVMSampleApp */;
			targetProxy = 90003EDE2E24FA7C00D59750 /* PBXContainerItemProxy */;
		};
		90003EE92E24FA7C00D59750 /* PBXTargetDependency */ = {
			isa = PBXTargetDependency;
			target = 90003EC62E24FA7B00D59750 /* MVVMSampleApp */;
			targetProxy = 90003EE82E24FA7C00D59750 /* PBXContainerItemProxy */;
		};
/* End PBXTargetDependency section */

/* Begin XCBuildConfiguration section */
		90003EF12E24FA7C00D59750 /* Debug */ = {
			isa = XCBuildConfiguration;
			buildSettings = {
				ASSETCATALOG_COMPILER_APPICON_NAME = AppIcon;
				ASSETCATALOG_COMPILER_GLOBAL_ACCENT_COLOR_NAME = AccentColor;
				CODE_SIGN_STYLE = Automatic;
				CURRENT_PROJECT_VERSION = 1;
				DEVELOPMENT_TEAM = D3DW67HS9F;
				GENERATE_INFOPLIST_FILE = YES;
				INFOPLIST_FILE = MVVMSampleApp/Info.plist;
				INFOPLIST_KEY_UIApplicationSupportsIndirectInputEvents = YES;
				INFOPLIST_KEY_UILaunchStoryboardName = LaunchScreen;
				INFOPLIST_KEY_UISupportedInterfaceOrientations_iPad = "UIInterfaceOrientationPortrait UIInterfaceOrientationPortraitUpsideDown UIInterfaceOrientationLandscapeLeft UIInterfaceOrientationLandscapeRight";
				INFOPLIST_KEY_UISupportedInterfaceOrientations_iPhone = "UIInterfaceOrientationPortrait UIInterfaceOrientationLandscapeLeft UIInterfaceOrientationLandscapeRight";
				LD_RUNPATH_SEARCH_PATHS = (
					"$(inherited)",
					"@executable_path/Frameworks",
				);
				MARKETING_VERSION = 1.0;
				PRODUCT_BUNDLE_IDENTIFIER = com.shichimi.MVVMSampleApp;
				PRODUCT_NAME = "$(TARGET_NAME)";
				SWIFT_EMIT_LOC_STRINGS = YES;
				SWIFT_VERSION = 5.0;
				TARGETED_DEVICE_FAMILY = "1,2";
			};
			name = Debug;
		};
		90003EF22E24FA7C00D59750 /* Release */ = {
			isa = XCBuildConfiguration;
			buildSettings = {
				ASSETCATALOG_COMPILER_APPICON_NAME = AppIcon;
				ASSETCATALOG_COMPILER_GLOBAL_ACCENT_COLOR_NAME = AccentColor;
				CODE_SIGN_STYLE = Automatic;
				CURRENT_PROJECT_VERSION = 1;
				DEVELOPMENT_TEAM = D3DW67HS9F;
				GENERATE_INFOPLIST_FILE = YES;
				INFOPLIST_FILE = MVVMSampleApp/Info.plist;
				INFOPLIST_KEY_UIApplicationSupportsIndirectInputEvents = YES;
				INFOPLIST_KEY_UILaunchStoryboardName = LaunchScreen;
				INFOPLIST_KEY_UISupportedInterfaceOrientations_iPad = "UIInterfaceOrientationPortrait UIInterfaceOrientationPortraitUpsideDown UIInterfaceOrientationLandscapeLeft UIInterfaceOrientationLandscapeRight";
				INFOPLIST_KEY_UISupportedInterfaceOrientations_iPhone = "UIInterfaceOrientationPortrait UIInterfaceOrientationLandscapeLeft UIInterfaceOrientationLandscapeRight";
				LD_RUNPATH_SEARCH_PATHS = (
					"$(inherited)",
					"@executable_path/Frameworks",
				);
				MARKETING_VERSION = 1.0;
				PRODUCT_BUNDLE_IDENTIFIER = com.shichimi.MVVMSampleApp;
				PRODUCT_NAME = "$(TARGET_NAME)";
				SWIFT_EMIT_LOC_STRINGS = YES;
				SWIFT_VERSION = 5.0;
				TARGETED_DEVICE_FAMILY = "1,2";
			};
			name = Release;
		};
		90003EF32E24FA7C00D59750 /* Debug */ = {
			isa = XCBuildConfiguration;
			buildSettings = {
				ALWAYS_SEARCH_USER_PATHS = NO;
				ASSETCATALOG_COMPILER_GENERATE_SWIFT_ASSET_SYMBOL_EXTENSIONS = YES;
				CLANG_ANALYZER_NONNULL = YES;
				CLANG_ANALYZER_NUMBER_OBJECT_CONVERSION = YES_AGGRESSIVE;
				CLANG_CXX_LANGUAGE_STANDARD = "gnu++20";
				CLANG_ENABLE_MODULES = YES;
				CLANG_ENABLE_OBJC_ARC = YES;
				CLANG_ENABLE_OBJC_WEAK = YES;
				CLANG_WARN_BLOCK_CAPTURE_AUTORELEASING = YES;
				CLANG_WARN_BOOL_CONVERSION = YES;
				CLANG_WARN_COMMA = YES;
				CLANG_WARN_CONSTANT_CONVERSION = YES;
				CLANG_WARN_DEPRECATED_OBJC_IMPLEMENTATIONS = YES;
				CLANG_WARN_DIRECT_OBJC_ISA_USAGE = YES_ERROR;
				CLANG_WARN_DOCUMENTATION_COMMENTS = YES;
				CLANG_WARN_EMPTY_BODY = YES;
				CLANG_WARN_ENUM_CONVERSION = YES;
				CLANG_WARN_INFINITE_RECURSION = YES;
				CLANG_WARN_INT_CONVERSION = YES;
				CLANG_WARN_NON_LITERAL_NULL_CONVERSION = YES;
				CLANG_WARN_OBJC_IMPLICIT_RETAIN_SELF = YES;
				CLANG_WARN_OBJC_LITERAL_CONVERSION = YES;
				CLANG_WARN_OBJC_ROOT_CLASS = YES_ERROR;
				CLANG_WARN_QUOTED_INCLUDE_IN_FRAMEWORK_HEADER = YES;
				CLANG_WARN_RANGE_LOOP_ANALYSIS = YES;
				CLANG_WARN_STRICT_PROTOTYPES = YES;
				CLANG_WARN_SUSPICIOUS_MOVE = YES;
				CLANG_WARN_UNGUARDED_AVAILABILITY = YES_AGGRESSIVE;
				CLANG_WARN_UNREACHABLE_CODE = YES;
				CLANG_WARN__DUPLICATE_METHOD_MATCH = YES;
				COPY_PHASE_STRIP = NO;
				DEBUG_INFORMATION_FORMAT = dwarf;
				ENABLE_STRICT_OBJC_MSGSEND = YES;
				ENABLE_TESTABILITY = YES;
				ENABLE_USER_SCRIPT_SANDBOXING = YES;
				GCC_C_LANGUAGE_STANDARD = gnu17;
				GCC_DYNAMIC_NO_PIC = NO;
				GCC_NO_COMMON_BLOCKS = YES;
				GCC_OPTIMIZATION_LEVEL = 0;
				GCC_PREPROCESSOR_DEFINITIONS = (
					"DEBUG=1",
					"$(inherited)",
				);
				GCC_WARN_64_TO_32_BIT_CONVERSION = YES;
				GCC_WARN_ABOUT_RETURN_TYPE = YES_ERROR;
				GCC_WARN_UNDECLARED_SELECTOR = YES;
				GCC_WARN_UNINITIALIZED_AUTOS = YES_AGGRESSIVE;
				GCC_WARN_UNUSED_FUNCTION = YES;
				GCC_WARN_UNUSED_VARIABLE = YES;
				IPHONEOS_DEPLOYMENT_TARGET = 18.2;
				LOCALIZATION_PREFERS_STRING_CATALOGS = YES;
				MTL_ENABLE_DEBUG_INFO = INCLUDE_SOURCE;
				MTL_FAST_MATH = YES;
				ONLY_ACTIVE_ARCH = YES;
				SDKROOT = iphoneos;
				SWIFT_ACTIVE_COMPILATION_CONDITIONS = "DEBUG $(inherited)";
				SWIFT_OPTIMIZATION_LEVEL = "-Onone";
			};
			name = Debug;
		};
		90003EF42E24FA7C00D59750 /* Release */ = {
			isa = XCBuildConfiguration;
			buildSettings = {
				ALWAYS_SEARCH_USER_PATHS = NO;
				ASSETCATALOG_COMPILER_GENERATE_SWIFT_ASSET_SYMBOL_EXTENSIONS = YES;
				CLANG_ANALYZER_NONNULL = YES;
				CLANG_ANALYZER_NUMBER_OBJECT_CONVERSION = YES_AGGRESSIVE;
				CLANG_CXX_LANGUAGE_STANDARD = "gnu++20";
				CLANG_ENABLE_MODULES = YES;
				CLANG_ENABLE_OBJC_ARC = YES;
				CLANG_ENABLE_OBJC_WEAK = YES;
				CLANG_WARN_BLOCK_CAPTURE_AUTORELEASING = YES;
				CLANG_WARN_BOOL_CONVERSION = YES;
				CLANG_WARN_COMMA = YES;
				CLANG_WARN_CONSTANT_CONVERSION = YES;
				CLANG_WARN_DEPRECATED_OBJC_IMPLEMENTATIONS = YES;
				CLANG_WARN_DIRECT_OBJC_ISA_USAGE = YES_ERROR;
				CLANG_WARN_DOCUMENTATION_COMMENTS = YES;
				CLANG_WARN_EMPTY_BODY = YES;
				CLANG_WARN_ENUM_CONVERSION = YES;
				CLANG_WARN_INFINITE_RECURSION = YES;
				CLANG_WARN_INT_CONVERSION = YES;
				CLANG_WARN_NON_LITERAL_NULL_CONVERSION = YES;
				CLANG_WARN_OBJC_IMPLICIT_RETAIN_SELF = YES;
				CLANG_WARN_OBJC_LITERAL_CONVERSION = YES;
				CLANG_WARN_OBJC_ROOT_CLASS = YES_ERROR;
				CLANG_WARN_QUOTED_INCLUDE_IN_FRAMEWORK_HEADER = YES;
				CLANG_WARN_RANGE_LOOP_ANALYSIS = YES;
				CLANG_WARN_STRICT_PROTOTYPES = YES;
				CLANG_WARN_SUSPICIOUS_MOVE = YES;
				CLANG_WARN_UNGUARDED_AVAILABILITY = YES_AGGRESSIVE;
				CLANG_WARN_UNREACHABLE_CODE = YES;
				CLANG_WARN__DUPLICATE_METHOD_MATCH = YES;
				COPY_PHASE_STRIP = NO;
				DEBUG_INFORMATION_FORMAT = "dwarf-with-dsym";
				ENABLE_NS_ASSERTIONS = NO;
				ENABLE_STRICT_OBJC_MSGSEND = YES;
				ENABLE_USER_SCRIPT_SANDBOXING = YES;
				GCC_C_LANGUAGE_STANDARD = gnu17;
				GCC_NO_COMMON_BLOCKS = YES;
				GCC_WARN_64_TO_32_BIT_CONVERSION = YES;
				GCC_WARN_ABOUT_RETURN_TYPE = YES_ERROR;
				GCC_WARN_UNDECLARED_SELECTOR = YES;
				GCC_WARN_UNINITIALIZED_AUTOS = YES_AGGRESSIVE;
				GCC_WARN_UNUSED_FUNCTION = YES;
				GCC_WARN_UNUSED_VARIABLE = YES;
				IPHONEOS_DEPLOYMENT_TARGET = 18.2;
				LOCALIZATION_PREFERS_STRING_CATALOGS = YES;
				MTL_ENABLE_DEBUG_INFO = NO;
				MTL_FAST_MATH = YES;
				SDKROOT = iphoneos;
				SWIFT_COMPILATION_MODE = wholemodule;
				VALIDATE_PRODUCT = YES;
			};
			name = Release;
		};
		90003EF62E24FA7C00D59750 /* Debug */ = {
			isa = XCBuildConfiguration;
			buildSettings = {
				BUNDLE_LOADER = "$(TEST_HOST)";
				CODE_SIGN_STYLE = Automatic;
				CURRENT_PROJECT_VERSION = 1;
				DEVELOPMENT_TEAM = D3DW67HS9F;
				GENERATE_INFOPLIST_FILE = YES;
				IPHONEOS_DEPLOYMENT_TARGET = 18.2;
				MARKETING_VERSION = 1.0;
				PRODUCT_BUNDLE_IDENTIFIER = com.shichimi.MVVMSampleAppTests;
				PRODUCT_NAME = "$(TARGET_NAME)";
				SWIFT_EMIT_LOC_STRINGS = NO;
				SWIFT_VERSION = 5.0;
				TARGETED_DEVICE_FAMILY = "1,2";
				TEST_HOST = "$(BUILT_PRODUCTS_DIR)/MVVMSampleApp.app/$(BUNDLE_EXECUTABLE_FOLDER_PATH)/MVVMSampleApp";
			};
			name = Debug;
		};
		90003EF72E24FA7C00D59750 /* Release */ = {
			isa = XCBuildConfiguration;
			buildSettings = {
				BUNDLE_LOADER = "$(TEST_HOST)";
				CODE_SIGN_STYLE = Automatic;
				CURRENT_PROJECT_VERSION = 1;
				DEVELOPMENT_TEAM = D3DW67HS9F;
				GENERATE_INFOPLIST_FILE = YES;
				IPHONEOS_DEPLOYMENT_TARGET = 18.2;
				MARKETING_VERSION = 1.0;
				PRODUCT_BUNDLE_IDENTIFIER = com.shichimi.MVVMSampleAppTests;
				PRODUCT_NAME = "$(TARGET_NAME)";
				SWIFT_EMIT_LOC_STRINGS = NO;
				SWIFT_VERSION = 5.0;
				TARGETED_DEVICE_FAMILY = "1,2";
				TEST_HOST = "$(BUILT_PRODUCTS_DIR)/MVVMSampleApp.app/$(BUNDLE_EXECUTABLE_FOLDER_PATH)/MVVMSampleApp";
			};
			name = Release;
		};
		90003EF92E24FA7C00D59750 /* Debug */ = {
			isa = XCBuildConfiguration;
			buildSettings = {
				CODE_SIGN_STYLE = Automatic;
				CURRENT_PROJECT_VERSION = 1;
				DEVELOPMENT_TEAM = D3DW67HS9F;
				GENERATE_INFOPLIST_FILE = YES;
				MARKETING_VERSION = 1.0;
				PRODUCT_BUNDLE_IDENTIFIER = com.shichimi.MVVMSampleAppUITests;
				PRODUCT_NAME = "$(TARGET_NAME)";
				SWIFT_EMIT_LOC_STRINGS = NO;
				SWIFT_VERSION = 5.0;
				TARGETED_DEVICE_FAMILY = "1,2";
				TEST_TARGET_NAME = MVVMSampleApp;
			};
			name = Debug;
		};
		90003EFA2E24FA7C00D59750 /* Release */ = {
			isa = XCBuildConfiguration;
			buildSettings = {
				CODE_SIGN_STYLE = Automatic;
				CURRENT_PROJECT_VERSION = 1;
				DEVELOPMENT_TEAM = D3DW67HS9F;
				GENERATE_INFOPLIST_FILE = YES;
				MARKETING_VERSION = 1.0;
				PRODUCT_BUNDLE_IDENTIFIER = com.shichimi.MVVMSampleAppUITests;
				PRODUCT_NAME = "$(TARGET_NAME)";
				SWIFT_EMIT_LOC_STRINGS = NO;
				SWIFT_VERSION = 5.0;
				TARGETED_DEVICE_FAMILY = "1,2";
				TEST_TARGET_NAME = MVVMSampleApp;
			};
			name = Release;
		};
/* End XCBuildConfiguration section */

/* Begin XCConfigurationList section */
		90003EC22E24FA7B00D59750 /* Build configuration list for PBXProject "MVVMSampleApp" */ = {
			isa = XCConfigurationList;
			buildConfigurations = (
				90003EF32E24FA7C00D59750 /* Debug */,
				90003EF42E24FA7C00D59750 /* Release */,
			);
			defaultConfigurationIsVisible = 0;
			defaultConfigurationName = Release;
		};
		90003EF02E24FA7C00D59750 /* Build configuration list for PBXNativeTarget "MVVMSampleApp" */ = {
			isa = XCConfigurationList;
			buildConfigurations = (
				90003EF12E24FA7C00D59750 /* Debug */,
				90003EF22E24FA7C00D59750 /* Release */,
			);
			defaultConfigurationIsVisible = 0;
			defaultConfigurationName = Release;
		};
		90003EF52E24FA7C00D59750 /* Build configuration list for PBXNativeTarget "MVVMSampleAppTests" */ = {
			isa = XCConfigurationList;
			buildConfigurations = (
				90003EF62E24FA7C00D59750 /* Debug */,
				90003EF72E24FA7C00D59750 /* Release */,
			);
			defaultConfigurationIsVisible = 0;
			defaultConfigurationName = Release;
		};
		90003EF82E24FA7C00D59750 /* Build configuration list for PBXNativeTarget "MVVMSampleAppUITests" */ = {
			isa = XCConfigurationList;
			buildConfigurations = (
				90003EF92E24FA7C00D59750 /* Debug */,
				90003EFA2E24FA7C00D59750 /* Release */,
			);
			defaultConfigurationIsVisible = 0;
			defaultConfigurationName = Release;
		};
/* End XCConfigurationList section */
	};
	rootObject = 90003EBF2E24FA7B00D59750 /* Project object */;
}
